
Microsoft Visual Studio Solution File, Format Version 12.00
# Visual Studio Version 17
VisualStudioVersion = 17.11.35303.130
MinimumVisualStudioVersion = 10.0.40219.1
Project("{FAE04EC0-301F-11D3-BF4B-00C04F79EFBC}") = "MathFunction", "MathFunction\MathFunction.csproj", "{900D4408-5C30-4CD6-845A-CF9826AD76CD}"
EndProject
Project("{FAE04EC0-301F-11D3-BF4B-00C04F79EFBC}") = "MathFunction.Test", "MathFunction.Test\MathFunction.Test.csproj", "{CE061CA8-3568-4B09-9B3C-EAAE0353AF2C}"
EndProject
Project("{FAE04EC0-301F-11D3-BF4B-00C04F79EFBC}") = "WebAPI", "WebAPI\WebAPI.csproj", "{FD107B19-6348-4FED-A8C4-F39A7456249C}"
EndProject
Project("{FAE04EC0-301F-11D3-BF4B-00C04F79EFBC}") = "ProductTest_MSTest", "ProductTest\ProductTest_MSTest.csproj", "{99D76DE3-14BF-4A0B-BDA9-CBFF445D3177}"
EndProject
Project("{FAE04EC0-301F-11D3-BF4B-00C04F79EFBC}") = "ProductTest_xUnit", "TestProject2\ProductTest_xUnit.csproj", "{F9EBF15F-7BCD-474F-A601-53073999EA64}"
EndProject
Global
	GlobalSection(SolutionConfigurationPlatforms) = preSolution
		Debug|Any CPU = Debug|Any CPU
		Release|Any CPU = Release|Any CPU
	EndGlobalSection
	GlobalSection(ProjectConfigurationPlatforms) = postSolution
		{900D4408-5C30-4CD6-845A-CF9826AD76CD}.Debug|Any CPU.ActiveCfg = Debug|Any CPU
		{900D4408-5C30-4CD6-845A-CF9826AD76CD}.Debug|Any CPU.Build.0 = Debug|Any CPU
		{900D4408-5C30-4CD6-845A-CF9826AD76CD}.Release|Any CPU.ActiveCfg = Release|Any CPU
		{900D4408-5C30-4CD6-845A-CF9826AD76CD}.Release|Any CPU.Build.0 = Release|Any CPU
		{CE061CA8-3568-4B09-9B3C-EAAE0353AF2C}.Debug|Any CPU.ActiveCfg = Debug|Any CPU
		{CE061CA8-3568-4B09-9B3C-EAAE0353AF2C}.Debug|Any CPU.Build.0 = Debug|Any CPU
		{CE061CA8-3568-4B09-9B3C-EAAE0353AF2C}.Release|Any CPU.ActiveCfg = Release|Any CPU
		{CE061CA8-3568-4B09-9B3C-EAAE0353AF2C}.Release|Any CPU.Build.0 = Release|Any CPU
		{FD107B19-6348-4FED-A8C4-F39A7456249C}.Debug|Any CPU.ActiveCfg = Debug|Any CPU
		{FD107B19-6348-4FED-A8C4-F39A7456249C}.Debug|Any CPU.Build.0 = Debug|Any CPU
		{FD107B19-6348-4FED-A8C4-F39A7456249C}.Release|Any CPU.ActiveCfg = Release|Any CPU
		{FD107B19-6348-4FED-A8C4-F39A7456249C}.Release|Any CPU.Build.0 = Release|Any CPU
		{99D76DE3-14BF-4A0B-BDA9-CBFF445D3177}.Debug|Any CPU.ActiveCfg = Debug|Any CPU
		{99D76DE3-14BF-4A0B-BDA9-CBFF445D3177}.Debug|Any CPU.Build.0 = Debug|Any CPU
		{99D76DE3-14BF-4A0B-BDA9-CBFF445D3177}.Release|Any CPU.ActiveCfg = Release|Any CPU
		{99D76DE3-14BF-4A0B-BDA9-CBFF445D3177}.Release|Any CPU.Build.0 = Release|Any CPU
		{F9EBF15F-7BCD-474F-A601-53073999EA64}.Debug|Any CPU.ActiveCfg = Debug|Any CPU
		{F9EBF15F-7BCD-474F-A601-53073999EA64}.Debug|Any CPU.Build.0 = Debug|Any CPU
		{F9EBF15F-7BCD-474F-A601-53073999EA64}.Release|Any CPU.ActiveCfg = Release|Any CPU
		{F9EBF15F-7BCD-474F-A601-53073999EA64}.Release|Any CPU.Build.0 = Release|Any CPU
	EndGlobalSection
	GlobalSection(SolutionProperties) = preSolution
		HideSolutionNode = FALSE
	EndGlobalSection
	GlobalSection(ExtensibilityGlobals) = postSolution
		SolutionGuid = {603BB59B-2290-4EF7-A984-E488E0A1D156}
	EndGlobalSection
EndGlobal
