
Microsoft Visual Studio Solution File, Format Version 12.00
# Visual Studio Version 17
VisualStudioVersion = 17.11.35219.272
MinimumVisualStudioVersion = 10.0.40219.1
Project("{9A19103F-16F7-4668-BE54-9A1E7A4F7556}") = "MyMicroservices", "MyMicroservices.csproj", "{5B5FFFB1-7F9E-4059-8EB2-4B1157B65378}"
EndProject
Global
	GlobalSection(SolutionConfigurationPlatforms) = preSolution
		Debug|Any CPU = Debug|Any CPU
		Release|Any CPU = Release|Any CPU
	EndGlobalSection
	GlobalSection(ProjectConfigurationPlatforms) = postSolution
		{5B5FFFB1-7F9E-4059-8EB2-4B1157B65378}.Debug|Any CPU.ActiveCfg = Debug|Any CPU
		{5B5FFFB1-7F9E-4059-8EB2-4B1157B65378}.Debug|Any CPU.Build.0 = Debug|Any CPU
		{5B5FFFB1-7F9E-4059-8EB2-4B1157B65378}.Release|Any CPU.ActiveCfg = Release|Any CPU
		{5B5FFFB1-7F9E-4059-8EB2-4B1157B65378}.Release|Any CPU.Build.0 = Release|Any CPU
	EndGlobalSection
	GlobalSection(SolutionProperties) = preSolution
		HideSolutionNode = FALSE
	EndGlobalSection
	GlobalSection(ExtensibilityGlobals) = postSolution
		SolutionGuid = {E2398D93-E8DD-4CCD-B4B5-64348D27946E}
	EndGlobalSection
EndGlobal
